<Solution>
  <Project Path="Practice Task2-/Practice Task2-.csproj" Id="0a6e180f-ea68-4c13-be1e-87ed2a948d29" />
  <Project Path="Practice Task3/Practice Task3.csproj" Id="47e56089-195b-4b94-91cc-858c8a2b7a34" />
  <Project Path="Practice Task4/Practice Task4.csproj" Id="67451307-4618-40b8-8697-1707bb2aa940" />
  <Project Path="Practice Task5/Practice Task5.csproj" Id="0d06cbde-deec-43b4-a9d8-a01342d07cf1" />
  <Project Path="SolvingTasks/Practice Task1.csproj" />
</Solution>
